
Microsoft Visual Studio Solution File, Format Version 12.00
Project("{FAE04EC0-301F-11D3-BF4B-00C04F79EFBC}") = "ArchitecturePatterns", "ArchitecturePatterns\ArchitecturePatterns.csproj", "{1859EBE2-B41E-4633-BA07-A9A1A9D43623}"
EndProject
Global
	GlobalSection(SolutionConfigurationPlatforms) = preSolution
		Debug|Any CPU = Debug|Any CPU
		Release|Any CPU = Release|Any CPU
	EndGlobalSection
	GlobalSection(ProjectConfigurationPlatforms) = postSolution
		{1859EBE2-B41E-4633-BA07-A9A1A9D43623}.Debug|Any CPU.ActiveCfg = Debug|Any CPU
		{1859EBE2-B41E-4633-BA07-A9A1A9D43623}.Debug|Any CPU.Build.0 = Debug|Any CPU
		{1859EBE2-B41E-4633-BA07-A9A1A9D43623}.Release|Any CPU.ActiveCfg = Release|Any CPU
		{1859EBE2-B41E-4633-BA07-A9A1A9D43623}.Release|Any CPU.Build.0 = Release|Any CPU
	EndGlobalSection
EndGlobal
